
Microsoft Visual Studio Solution File, Format Version 12.00
# Visual Studio 2012
Project("{8BC9CEB8-8B4A-11D0-8D11-00A0C91BC942}") = "Asda1ClientPatch", "Asda1ClientPatch\Asda1ClientPatch.vcxproj", "{34E4A25A-5621-4553-8F03-B2791384F46B}"
EndProject
Global
	GlobalSection(SolutionConfigurationPlatforms) = preSolution
		Debug|Win32 = Debug|Win32
		Release|Win32 = Release|Win32
	EndGlobalSection
	GlobalSection(ProjectConfigurationPlatforms) = postSolution
		{34E4A25A-5621-4553-8F03-B2791384F46B}.Debug|Win32.ActiveCfg = Debug|Win32
		{34E4A25A-5621-4553-8F03-B2791384F46B}.Debug|Win32.Build.0 = Debug|Win32
		{34E4A25A-5621-4553-8F03-B2791384F46B}.Release|Win32.ActiveCfg = Release|Win32
		{34E4A25A-5621-4553-8F03-B2791384F46B}.Release|Win32.Build.0 = Release|Win32
	EndGlobalSection
	GlobalSection(SolutionProperties) = preSolution
		HideSolutionNode = FALSE
	EndGlobalSection
EndGlobal
